{
  "version": "3",
  "packages": {
    "specifiers": {
      "jsr:@cliffy/ansi@1.0.0-rc.7": "jsr:@cliffy/ansi@1.0.0-rc.7",
      "jsr:@cliffy/command@1.0.0-rc.7": "jsr:@cliffy/command@1.0.0-rc.7",
      "jsr:@cliffy/flags@1.0.0-rc.7": "jsr:@cliffy/flags@1.0.0-rc.7",
      "jsr:@cliffy/internal@1.0.0-rc.7": "jsr:@cliffy/internal@1.0.0-rc.7",
      "jsr:@cliffy/keycode@1.0.0-rc.7": "jsr:@cliffy/keycode@1.0.0-rc.7",
      "jsr:@cliffy/prompt@1.0.0-rc.7": "jsr:@cliffy/prompt@1.0.0-rc.7",
      "jsr:@cliffy/table@1.0.0-rc.7": "jsr:@cliffy/table@1.0.0-rc.7",
      "jsr:@retraigo/duration@4.1.1": "jsr:@retraigo/duration@4.1.1",
      "jsr:@std/assert@1.0.10": "jsr:@std/assert@1.0.10",
      "jsr:@std/assert@~1.0.6": "jsr:@std/assert@1.0.10",
      "jsr:@std/bytes@^1.0.2": "jsr:@std/bytes@1.0.2",
      "jsr:@std/collections@1.0.9": "jsr:@std/collections@1.0.9",
      "jsr:@std/encoding@~1.0.5": "jsr:@std/encoding@1.0.6",
      "jsr:@std/fmt@~1.0.2": "jsr:@std/fmt@1.0.3",
      "jsr:@std/internal@^1.0.5": "jsr:@std/internal@1.0.5",
      "jsr:@std/io@~0.224.9": "jsr:@std/io@0.224.9",
      "jsr:@std/path@1.0.8": "jsr:@std/path@1.0.8",
      "jsr:@std/path@~1.0.6": "jsr:@std/path@1.0.8",
      "jsr:@std/streams@1.0.4": "jsr:@std/streams@1.0.4",
      "jsr:@std/text@~1.0.7": "jsr:@std/text@1.0.9",
      "jsr:@std/yaml@1.0.5": "jsr:@std/yaml@1.0.5",
      "npm:date-fns@3.6.0": "npm:date-fns@3.6.0",
      "npm:env-paths@3.0.0": "npm:env-paths@3.0.0",
      "npm:nostr-fetch@0.15.1": "npm:nostr-fetch@0.15.1",
      "npm:zod@3.23.8": "npm:zod@3.23.8"
    },
    "jsr": {
      "@cliffy/ansi@1.0.0-rc.7": {
        "integrity": "f71c921cce224c13d322e5cedba4f38e8f7354c7d855c9cb22729362a53f25aa",
        "dependencies": [
          "jsr:@cliffy/internal@1.0.0-rc.7",
          "jsr:@std/encoding@~1.0.5",
          "jsr:@std/fmt@~1.0.2",
          "jsr:@std/io@~0.224.9"
        ]
      },
      "@cliffy/command@1.0.0-rc.7": {
        "integrity": "1288808d7a3cd18b86c24c2f920e47a6d954b7e23cadc35c8cbd78f8be41f0cd",
        "dependencies": [
          "jsr:@cliffy/flags@1.0.0-rc.7",
          "jsr:@cliffy/internal@1.0.0-rc.7",
          "jsr:@cliffy/table@1.0.0-rc.7",
          "jsr:@std/fmt@~1.0.2",
          "jsr:@std/text@~1.0.7"
        ]
      },
      "@cliffy/flags@1.0.0-rc.7": {
        "integrity": "318d9be98f6a6417b108e03dec427dea96cdd41a15beb21d2554ae6da450a781",
        "dependencies": [
          "jsr:@std/text@~1.0.7"
        ]
      },
      "@cliffy/internal@1.0.0-rc.7": {
        "integrity": "10412636ab3e67517d448be9eaab1b70c88eba9be22617b5d146257a11cc9b17",
        "dependencies": [
          "jsr:@std/fmt@~1.0.2"
        ]
      },
      "@cliffy/keycode@1.0.0-rc.7": {
        "integrity": "5b3f6c33994e81a76b79f108b1989642ac22705840da33781f7972d7dff05503"
      },
      "@cliffy/prompt@1.0.0-rc.7": {
        "integrity": "a9cbd13acd8073558447cae8ca4cf593c09d23bcbe429cc63346920c21187b83",
        "dependencies": [
          "jsr:@cliffy/ansi@1.0.0-rc.7",
          "jsr:@cliffy/internal@1.0.0-rc.7",
          "jsr:@cliffy/keycode@1.0.0-rc.7",
          "jsr:@std/assert@~1.0.6",
          "jsr:@std/fmt@~1.0.2",
          "jsr:@std/io@~0.224.9",
          "jsr:@std/path@~1.0.6",
          "jsr:@std/text@~1.0.7"
        ]
      },
      "@cliffy/table@1.0.0-rc.7": {
        "integrity": "9fdd9776eda28a0b397981c400eeb1aa36da2371b43eefe12e6ff555290e3180",
        "dependencies": [
          "jsr:@std/fmt@~1.0.2"
        ]
      },
      "@retraigo/duration@4.1.1": {
        "integrity": "938aeeb6137ee5f17bd6907308a64d63dde0a83253145d7163e6c3a86f06c498"
      },
      "@std/assert@1.0.10": {
        "integrity": "59b5cbac5bd55459a19045d95cc7c2ff787b4f8527c0dd195078ff6f9481fbb3",
        "dependencies": [
          "jsr:@std/internal@^1.0.5"
        ]
      },
      "@std/bytes@1.0.2": {
        "integrity": "fbdee322bbd8c599a6af186a1603b3355e59a5fb1baa139f8f4c3c9a1b3e3d57"
      },
      "@std/bytes@1.0.4": {
        "integrity": "11a0debe522707c95c7b7ef89b478c13fb1583a7cfb9a85674cd2cc2e3a28abc"
      },
      "@std/collections@1.0.9": {
        "integrity": "4f58104ead08a04a2199374247f07befe50ba01d9cca8cbb23ab9a0419921e71"
      },
      "@std/encoding@1.0.6": {
        "integrity": "ca87122c196e8831737d9547acf001766618e78cd8c33920776c7f5885546069"
      },
      "@std/fmt@1.0.3": {
        "integrity": "97765c16aa32245ff4e2204ecf7d8562496a3cb8592340a80e7e554e0bb9149f"
      },
      "@std/internal@1.0.5": {
        "integrity": "54a546004f769c1ac9e025abd15a76b6671ddc9687e2313b67376125650dc7ba"
      },
      "@std/io@0.224.9": {
        "integrity": "4414664b6926f665102e73c969cfda06d2c4c59bd5d0c603fd4f1b1c840d6ee3",
        "dependencies": [
          "jsr:@std/bytes@^1.0.2"
        ]
      },
      "@std/path@1.0.8": {
        "integrity": "548fa456bb6a04d3c1a1e7477986b6cffbce95102d0bb447c67c4ee70e0364be"
      },
      "@std/streams@1.0.4": {
        "integrity": "a1a5b01c74ca1d2dcaacfe1d4bbb91392e765946d82a3471bd95539adc6da83a",
        "dependencies": [
          "jsr:@std/bytes@^1.0.2"
        ]
      },
      "@std/text@1.0.9": {
        "integrity": "b2db4abc3e6ab93eb0280a0d5e126fd3fca80955bcc297ccaaf555e995eab747"
      },
      "@std/yaml@1.0.5": {
        "integrity": "71ba3d334305ee2149391931508b2c293a8490f94a337eef3a09cade1a2a2742"
      }
    },
    "npm": {
      "@noble/curves@1.2.0": {
        "integrity": "sha512-oYclrNgRaM9SsBUBVbb8M6DTV7ZHRTKugureoYEncY5c65HOmRzvSiTE3y5CYaPYJA/GVkrhXEoF0M3Ya9PMnw==",
        "dependencies": {
          "@noble/hashes": "@noble/hashes@1.3.2"
        }
      },
      "@noble/hashes@1.3.1": {
        "integrity": "sha512-EbqwksQwz9xDRGfDST86whPBgM65E0OH/pCgqW0GBVzO22bNE+NuIbeTb714+IfSjU3aRk47EUvXIb5bTsenKA==",
        "dependencies": {}
      },
      "@noble/hashes@1.3.2": {
        "integrity": "sha512-MVC8EAQp7MvEcm30KWENFjgR+Mkmf+D189XJTkFIlwohU5hcBbn1ZkKq7KVTi2Hme3PMGF390DaL52beVrIihQ==",
        "dependencies": {}
      },
      "@nostr-fetch/kernel@0.15.1": {
        "integrity": "sha512-+KX+n3v9ha2ki5BGL12isw+BrlK36aANkDD98SQMzt+5VFRCnfkFiJSkx+kjAKm0BXdA3YCTRhrqVOYEDuvohQ==",
        "dependencies": {
          "@noble/curves": "@noble/curves@1.2.0",
          "@noble/hashes": "@noble/hashes@1.3.1"
        }
      },
      "date-fns@3.6.0": {
        "integrity": "sha512-fRHTG8g/Gif+kSh50gaGEdToemgfj74aRX3swtiouboip5JDLAyDE9F11nHMIcvOaXeOC6D7SpNhi7uFyB7Uww==",
        "dependencies": {}
      },
      "env-paths@3.0.0": {
        "integrity": "sha512-dtJUTepzMW3Lm/NPxRf3wP4642UWhjL2sQxc+ym2YMj1m/H2zDNQOlezafzkHwn6sMstjHTwG6iQQsctDW/b1A==",
        "dependencies": {}
      },
      "nostr-fetch@0.15.1": {
        "integrity": "sha512-SyXdAsUM3qnuoz35tyX3mwxY1BU5sBsr1JCIMXiV5Ej7uSkyBjnBkzsXH5CYq0p42hI9z6xwfuFqnkvBsaTmJA==",
        "dependencies": {
          "@nostr-fetch/kernel": "@nostr-fetch/kernel@0.15.1"
        }
      },
      "zod@3.23.8": {
        "integrity": "sha512-XBx9AXhXktjUqnepgTiE5flcKIYWi/rme0Eaj+5Y0lftuGBq+jyRu/md4WnuxqgP1ubdpNCsYEYPxrzVHD8d6g==",
        "dependencies": {}
      }
    }
  },
  "remote": {},
  "workspace": {
    "dependencies": [
      "jsr:@cliffy/ansi@1.0.0-rc.7",
      "jsr:@cliffy/command@1.0.0-rc.7",
      "jsr:@cliffy/prompt@1.0.0-rc.7",
      "jsr:@cliffy/table@1.0.0-rc.7",
      "jsr:@retraigo/duration@4.1.1",
      "jsr:@std/assert@1.0.10",
      "jsr:@std/collections@1.0.9",
      "jsr:@std/path@1.0.8",
      "jsr:@std/streams@1.0.4",
      "jsr:@std/yaml@1.0.5",
      "npm:date-fns@3.6.0",
      "npm:env-paths@3.0.0",
      "npm:nostr-fetch@0.15.1",
      "npm:zod@3.23.8"
    ]
  }
}
